
Microsoft Visual Studio Solution File, Format Version 12.00
# Visual Studio Version 17
VisualStudioVersion = 17.5.002.0
MinimumVisualStudioVersion = 10.0.40219.1
Project("{2150E333-8FDC-42A3-9474-1A3956D46DE8}") = "CalendarBase", "CalendarBase", "{699FB589-FFEA-4DF3-93C4-5E7F847BDE04}"
EndProject
Project("{9A19103F-16F7-4668-BE54-9A1E7A4F7556}") = "CalendarBase", "CalendarBase\Files\CalendarBase.csproj", "{5DD1A53D-5CBD-425E-91A9-6FD3968F0317}"
EndProject
Project("{2150E333-8FDC-42A3-9474-1A3956D46DE8}") = "CrtBaseConsts", "CrtBaseConsts", "{0DB4C794-0E6C-4402-8D6C-D1A5CE0895D9}"
EndProject
Project("{9A19103F-16F7-4668-BE54-9A1E7A4F7556}") = "CrtBaseConsts", "CrtBaseConsts\Files\CrtBaseConsts.csproj", "{0B65571F-6F6E-4C99-8D41-2E8D1D20DCF9}"
EndProject
Project("{2150E333-8FDC-42A3-9474-1A3956D46DE8}") = "CrtC360InUiV2", "CrtC360InUiV2", "{F2C76458-4924-4852-9B47-108732AFD50D}"
EndProject
Project("{9A19103F-16F7-4668-BE54-9A1E7A4F7556}") = "CrtC360InUiV2", "CrtC360InUiV2\Files\CrtC360InUiV2.csproj", "{0633CC80-21B6-438E-8F72-210F14BFE04B}"
EndProject
Project("{2150E333-8FDC-42A3-9474-1A3956D46DE8}") = "CrtCalendar", "CrtCalendar", "{D2E23197-D6DA-487F-985D-086C38E60933}"
EndProject
Project("{9A19103F-16F7-4668-BE54-9A1E7A4F7556}") = "CrtCalendar", "CrtCalendar\Files\CrtCalendar.csproj", "{673C4749-1D75-41B5-9865-50C8C2A23FA5}"
EndProject
Project("{2150E333-8FDC-42A3-9474-1A3956D46DE8}") = "CrtCore", "CrtCore", "{832B170D-08AF-4B89-AD8E-C8AD3374C736}"
EndProject
Project("{9A19103F-16F7-4668-BE54-9A1E7A4F7556}") = "CrtCore", "CrtCore\Files\CrtCore.csproj", "{B80E7D77-5FBD-4075-93DB-9357BBE0A088}"
EndProject
Project("{2150E333-8FDC-42A3-9474-1A3956D46DE8}") = "CrtCoreBase", "CrtCoreBase", "{A19C1089-6750-4552-929E-6CEFD9764B00}"
EndProject
Project("{9A19103F-16F7-4668-BE54-9A1E7A4F7556}") = "CrtCoreBase", "CrtCoreBase\Files\CrtCoreBase.csproj", "{EAB6B668-8A2B-48B6-9691-3212C6C541EC}"
EndProject
Project("{2150E333-8FDC-42A3-9474-1A3956D46DE8}") = "CrtCustomer360App", "CrtCustomer360App", "{02E5D0CA-448F-4BFA-BE24-08E9820CE819}"
EndProject
Project("{9A19103F-16F7-4668-BE54-9A1E7A4F7556}") = "CrtCustomer360App", "CrtCustomer360App\Files\CrtCustomer360App.csproj", "{0FDE1518-D789-48A9-AAF1-22255ECAB801}"
EndProject
Project("{2150E333-8FDC-42A3-9474-1A3956D46DE8}") = "CrtCustomer360Mobile", "CrtCustomer360Mobile", "{C3451B7E-FB50-4B1E-827D-0196D6497A42}"
EndProject
Project("{9A19103F-16F7-4668-BE54-9A1E7A4F7556}") = "CrtCustomer360Mobile", "CrtCustomer360Mobile\Files\CrtCustomer360Mobile.csproj", "{53F4EEEE-4B76-4A4F-BB73-F8BEC971BAEA}"
EndProject
Project("{2150E333-8FDC-42A3-9474-1A3956D46DE8}") = "CrtEmailSender", "CrtEmailSender", "{6CEA8AA4-737D-4155-AE10-5A124664E873}"
EndProject
Project("{9A19103F-16F7-4668-BE54-9A1E7A4F7556}") = "CrtEmailSender", "CrtEmailSender\Files\CrtEmailSender.csproj", "{E51F7CB9-B233-47B4-9E10-719840F84C06}"
EndProject
Project("{2150E333-8FDC-42A3-9474-1A3956D46DE8}") = "CrtEmailTemplate", "CrtEmailTemplate", "{789903D3-BAB8-4348-84F3-D55EF6624756}"
EndProject
Project("{9A19103F-16F7-4668-BE54-9A1E7A4F7556}") = "CrtEmailTemplate", "CrtEmailTemplate\Files\CrtEmailTemplate.csproj", "{2D4FB6C7-15BB-4739-B813-08599548C43F}"
EndProject
Project("{2150E333-8FDC-42A3-9474-1A3956D46DE8}") = "CrtFeatureToggling", "CrtFeatureToggling", "{9E8DA4CA-DF93-41F1-87CC-C592CB377512}"
EndProject
Project("{9A19103F-16F7-4668-BE54-9A1E7A4F7556}") = "CrtFeatureToggling", "CrtFeatureToggling\Files\CrtFeatureToggling.csproj", "{E8F24F1C-413B-4695-8EDD-B6FBB296635C}"
EndProject
Project("{2150E333-8FDC-42A3-9474-1A3956D46DE8}") = "CrtMacrosBase", "CrtMacrosBase", "{29592638-19F6-4311-B741-702DB8C4BA05}"
EndProject
Project("{9A19103F-16F7-4668-BE54-9A1E7A4F7556}") = "CrtMacrosBase", "CrtMacrosBase\Files\CrtMacrosBase.csproj", "{E6505E3C-555C-435E-970B-AF7058BA741B}"
EndProject
Project("{2150E333-8FDC-42A3-9474-1A3956D46DE8}") = "CrtML", "CrtML", "{4A8FAA6A-B28C-4102-923D-6BE0C52CB6CD}"
EndProject
Project("{9A19103F-16F7-4668-BE54-9A1E7A4F7556}") = "CrtML", "CrtML\Files\CrtML.csproj", "{85DFA0F8-E136-4BE1-94E5-8D20E0C7DE2A}"
EndProject
Project("{2150E333-8FDC-42A3-9474-1A3956D46DE8}") = "CrtMLangContent", "CrtMLangContent", "{5614C38B-62EB-446E-8B98-2F7E0A120FF6}"
EndProject
Project("{9A19103F-16F7-4668-BE54-9A1E7A4F7556}") = "CrtMLangContent", "CrtMLangContent\Files\CrtMLangContent.csproj", "{9ABF8B8E-22E1-4FE6-AFD0-63597C03579A}"
EndProject
Project("{2150E333-8FDC-42A3-9474-1A3956D46DE8}") = "CrtNextStep", "CrtNextStep", "{E15E50AB-CED6-489C-8478-6C24C2453297}"
EndProject
Project("{9A19103F-16F7-4668-BE54-9A1E7A4F7556}") = "CrtNextStep", "CrtNextStep\Files\CrtNextStep.csproj", "{265A7BA5-6D66-4213-9A35-E45BC4EE9BC1}"
EndProject
Project("{2150E333-8FDC-42A3-9474-1A3956D46DE8}") = "CrtProductivityApp", "CrtProductivityApp", "{6C463D0C-AFB6-4390-9DDE-D47039894E90}"
EndProject
Project("{9A19103F-16F7-4668-BE54-9A1E7A4F7556}") = "CrtProductivityApp", "CrtProductivityApp\Files\CrtProductivityApp.csproj", "{4EA1F742-1238-4E65-9029-D2C58D8F069D}"
EndProject
Project("{2150E333-8FDC-42A3-9474-1A3956D46DE8}") = "CrtSmsIntegration", "CrtSmsIntegration", "{D2311DF1-D8F0-4765-ABFC-3EF98A0F3988}"
EndProject
Project("{9A19103F-16F7-4668-BE54-9A1E7A4F7556}") = "CrtSmsIntegration", "CrtSmsIntegration\Files\CrtSmsIntegration.csproj", "{F2120687-AF1A-4DF4-A1BC-4F1E6B2BA7D5}"
EndProject
Project("{2150E333-8FDC-42A3-9474-1A3956D46DE8}") = "CrtUISwitcher", "CrtUISwitcher", "{F2DEA410-FD1E-4547-9C75-0F5E33A1059B}"
EndProject
Project("{9A19103F-16F7-4668-BE54-9A1E7A4F7556}") = "CrtUISwitcher", "CrtUISwitcher\Files\CrtUISwitcher.csproj", "{9AD428CE-306A-473F-B0D1-5B8A9979BED0}"
EndProject
Project("{2150E333-8FDC-42A3-9474-1A3956D46DE8}") = "CSP", "CSP", "{F35E37DD-B7C9-4231-8A87-62A699317797}"
EndProject
Project("{9A19103F-16F7-4668-BE54-9A1E7A4F7556}") = "CSP", "CSP\Files\CSP.csproj", "{F50FDDF5-3853-46E4-8258-80A5005E79CE}"
EndProject
Project("{2150E333-8FDC-42A3-9474-1A3956D46DE8}") = "DevPack", "DevPack", "{95DE5197-DB4D-44B9-AA98-32BB143A09FD}"
EndProject
Project("{9A19103F-16F7-4668-BE54-9A1E7A4F7556}") = "DevPack", "DevPack\Files\DevPack.csproj", "{8DF67E49-A707-490A-B8BE-DC6768DD657D}"
EndProject
Project("{2150E333-8FDC-42A3-9474-1A3956D46DE8}") = "FeatureToggling", "FeatureToggling", "{C4DDF969-CA7C-434F-B63A-E9DF34642AB0}"
EndProject
Project("{9A19103F-16F7-4668-BE54-9A1E7A4F7556}") = "FeatureToggling", "FeatureToggling\Files\FeatureToggling.csproj", "{F3858E29-631A-49BB-9CEA-431F0C4EDA22}"
EndProject
Project("{2150E333-8FDC-42A3-9474-1A3956D46DE8}") = "Finesse", "Finesse", "{7CF7C93C-14C6-4B93-B3CF-4151D6ACE5E0}"
EndProject
Project("{9A19103F-16F7-4668-BE54-9A1E7A4F7556}") = "Finesse", "Finesse\Files\Finesse.csproj", "{CED88153-2123-4C5F-B7BB-13007BA00381}"
EndProject
Project("{2150E333-8FDC-42A3-9474-1A3956D46DE8}") = "MLProcessDesigner", "MLProcessDesigner", "{6FD374CE-F052-4D48-8C41-AA84E8DCC2F9}"
EndProject
Project("{9A19103F-16F7-4668-BE54-9A1E7A4F7556}") = "MLProcessDesigner", "MLProcessDesigner\Files\MLProcessDesigner.csproj", "{95C7B928-6A17-4DB5-87A3-2BCC73EF0698}"
EndProject
Project("{2150E333-8FDC-42A3-9474-1A3956D46DE8}") = "OpenIdAuth", "OpenIdAuth", "{FCD2C7B3-280D-4F62-94C3-C09F1B59DE57}"
EndProject
Project("{9A19103F-16F7-4668-BE54-9A1E7A4F7556}") = "OpenIdAuth", "OpenIdAuth\Files\OpenIdAuth.csproj", "{3FF98EEA-E396-4109-93F6-780B38C700B2}"
EndProject
Project("{2150E333-8FDC-42A3-9474-1A3956D46DE8}") = "SsoSettings", "SsoSettings", "{9CF2F94B-DE05-42C8-9DDC-4F4B37067755}"
EndProject
Project("{9A19103F-16F7-4668-BE54-9A1E7A4F7556}") = "SsoSettings", "SsoSettings\Files\SsoSettings.csproj", "{24DBED32-8F8F-4A6A-9B36-A2469814FB4B}"
EndProject
Project("{2150E333-8FDC-42A3-9474-1A3956D46DE8}") = "UsrRealityFreedomUI", "UsrRealityFreedomUI", "{5BEB4174-CC00-4314-ADAD-54C1B105FD57}"
EndProject
Project("{9A19103F-16F7-4668-BE54-9A1E7A4F7556}") = "UsrRealityFreedomUI", "UsrRealityFreedomUI\Files\UsrRealityFreedomUI.csproj", "{04A7BE4F-AAF8-4AA6-9D09-9A5C8671BE6E}"
EndProject
Project("{2150E333-8FDC-42A3-9474-1A3956D46DE8}") = "XSSProtection", "XSSProtection", "{5F141A46-8D7B-4F5E-A291-4F839D683C70}"
EndProject
Project("{9A19103F-16F7-4668-BE54-9A1E7A4F7556}") = "XSSProtection", "XSSProtection\Files\XSSProtection.csproj", "{AB282534-1BA2-4F5D-BE64-99CE81A1EFEE}"
EndProject
Global
	GlobalSection(SolutionConfigurationPlatforms) = preSolution
		Debug|Any CPU = Debug|Any CPU
		Release|Any CPU = Release|Any CPU
	EndGlobalSection
	GlobalSection(ProjectConfigurationPlatforms) = postSolution
		{5DD1A53D-5CBD-425E-91A9-6FD3968F0317}.Debug|Any CPU.ActiveCfg = Debug|Any CPU
		{5DD1A53D-5CBD-425E-91A9-6FD3968F0317}.Debug|Any CPU.Build.0 = Debug|Any CPU
		{5DD1A53D-5CBD-425E-91A9-6FD3968F0317}.Release|Any CPU.ActiveCfg = Release|Any CPU
		{5DD1A53D-5CBD-425E-91A9-6FD3968F0317}.Release|Any CPU.Build.0 = Release|Any CPU
		{0B65571F-6F6E-4C99-8D41-2E8D1D20DCF9}.Debug|Any CPU.ActiveCfg = Debug|Any CPU
		{0B65571F-6F6E-4C99-8D41-2E8D1D20DCF9}.Debug|Any CPU.Build.0 = Debug|Any CPU
		{0B65571F-6F6E-4C99-8D41-2E8D1D20DCF9}.Release|Any CPU.ActiveCfg = Release|Any CPU
		{0B65571F-6F6E-4C99-8D41-2E8D1D20DCF9}.Release|Any CPU.Build.0 = Release|Any CPU
		{0633CC80-21B6-438E-8F72-210F14BFE04B}.Debug|Any CPU.ActiveCfg = Debug|Any CPU
		{0633CC80-21B6-438E-8F72-210F14BFE04B}.Debug|Any CPU.Build.0 = Debug|Any CPU
		{0633CC80-21B6-438E-8F72-210F14BFE04B}.Release|Any CPU.ActiveCfg = Release|Any CPU
		{0633CC80-21B6-438E-8F72-210F14BFE04B}.Release|Any CPU.Build.0 = Release|Any CPU
		{673C4749-1D75-41B5-9865-50C8C2A23FA5}.Debug|Any CPU.ActiveCfg = Debug|Any CPU
		{673C4749-1D75-41B5-9865-50C8C2A23FA5}.Debug|Any CPU.Build.0 = Debug|Any CPU
		{673C4749-1D75-41B5-9865-50C8C2A23FA5}.Release|Any CPU.ActiveCfg = Release|Any CPU
		{673C4749-1D75-41B5-9865-50C8C2A23FA5}.Release|Any CPU.Build.0 = Release|Any CPU
		{B80E7D77-5FBD-4075-93DB-9357BBE0A088}.Debug|Any CPU.ActiveCfg = Debug|Any CPU
		{B80E7D77-5FBD-4075-93DB-9357BBE0A088}.Debug|Any CPU.Build.0 = Debug|Any CPU
		{B80E7D77-5FBD-4075-93DB-9357BBE0A088}.Release|Any CPU.ActiveCfg = Release|Any CPU
		{B80E7D77-5FBD-4075-93DB-9357BBE0A088}.Release|Any CPU.Build.0 = Release|Any CPU
		{EAB6B668-8A2B-48B6-9691-3212C6C541EC}.Debug|Any CPU.ActiveCfg = Debug|Any CPU
		{EAB6B668-8A2B-48B6-9691-3212C6C541EC}.Debug|Any CPU.Build.0 = Debug|Any CPU
		{EAB6B668-8A2B-48B6-9691-3212C6C541EC}.Release|Any CPU.ActiveCfg = Release|Any CPU
		{EAB6B668-8A2B-48B6-9691-3212C6C541EC}.Release|Any CPU.Build.0 = Release|Any CPU
		{0FDE1518-D789-48A9-AAF1-22255ECAB801}.Debug|Any CPU.ActiveCfg = Debug|Any CPU
		{0FDE1518-D789-48A9-AAF1-22255ECAB801}.Debug|Any CPU.Build.0 = Debug|Any CPU
		{0FDE1518-D789-48A9-AAF1-22255ECAB801}.Release|Any CPU.ActiveCfg = Release|Any CPU
		{0FDE1518-D789-48A9-AAF1-22255ECAB801}.Release|Any CPU.Build.0 = Release|Any CPU
		{53F4EEEE-4B76-4A4F-BB73-F8BEC971BAEA}.Debug|Any CPU.ActiveCfg = Debug|Any CPU
		{53F4EEEE-4B76-4A4F-BB73-F8BEC971BAEA}.Debug|Any CPU.Build.0 = Debug|Any CPU
		{53F4EEEE-4B76-4A4F-BB73-F8BEC971BAEA}.Release|Any CPU.ActiveCfg = Release|Any CPU
		{53F4EEEE-4B76-4A4F-BB73-F8BEC971BAEA}.Release|Any CPU.Build.0 = Release|Any CPU
		{E51F7CB9-B233-47B4-9E10-719840F84C06}.Debug|Any CPU.ActiveCfg = Debug|Any CPU
		{E51F7CB9-B233-47B4-9E10-719840F84C06}.Debug|Any CPU.Build.0 = Debug|Any CPU
		{E51F7CB9-B233-47B4-9E10-719840F84C06}.Release|Any CPU.ActiveCfg = Release|Any CPU
		{E51F7CB9-B233-47B4-9E10-719840F84C06}.Release|Any CPU.Build.0 = Release|Any CPU
		{2D4FB6C7-15BB-4739-B813-08599548C43F}.Debug|Any CPU.ActiveCfg = Debug|Any CPU
		{2D4FB6C7-15BB-4739-B813-08599548C43F}.Debug|Any CPU.Build.0 = Debug|Any CPU
		{2D4FB6C7-15BB-4739-B813-08599548C43F}.Release|Any CPU.ActiveCfg = Release|Any CPU
		{2D4FB6C7-15BB-4739-B813-08599548C43F}.Release|Any CPU.Build.0 = Release|Any CPU
		{E8F24F1C-413B-4695-8EDD-B6FBB296635C}.Debug|Any CPU.ActiveCfg = Debug|Any CPU
		{E8F24F1C-413B-4695-8EDD-B6FBB296635C}.Debug|Any CPU.Build.0 = Debug|Any CPU
		{E8F24F1C-413B-4695-8EDD-B6FBB296635C}.Release|Any CPU.ActiveCfg = Release|Any CPU
		{E8F24F1C-413B-4695-8EDD-B6FBB296635C}.Release|Any CPU.Build.0 = Release|Any CPU
		{E6505E3C-555C-435E-970B-AF7058BA741B}.Debug|Any CPU.ActiveCfg = Debug|Any CPU
		{E6505E3C-555C-435E-970B-AF7058BA741B}.Debug|Any CPU.Build.0 = Debug|Any CPU
		{E6505E3C-555C-435E-970B-AF7058BA741B}.Release|Any CPU.ActiveCfg = Release|Any CPU
		{E6505E3C-555C-435E-970B-AF7058BA741B}.Release|Any CPU.Build.0 = Release|Any CPU
		{85DFA0F8-E136-4BE1-94E5-8D20E0C7DE2A}.Debug|Any CPU.ActiveCfg = Debug|Any CPU
		{85DFA0F8-E136-4BE1-94E5-8D20E0C7DE2A}.Debug|Any CPU.Build.0 = Debug|Any CPU
		{85DFA0F8-E136-4BE1-94E5-8D20E0C7DE2A}.Release|Any CPU.ActiveCfg = Release|Any CPU
		{85DFA0F8-E136-4BE1-94E5-8D20E0C7DE2A}.Release|Any CPU.Build.0 = Release|Any CPU
		{9ABF8B8E-22E1-4FE6-AFD0-63597C03579A}.Debug|Any CPU.ActiveCfg = Debug|Any CPU
		{9ABF8B8E-22E1-4FE6-AFD0-63597C03579A}.Debug|Any CPU.Build.0 = Debug|Any CPU
		{9ABF8B8E-22E1-4FE6-AFD0-63597C03579A}.Release|Any CPU.ActiveCfg = Release|Any CPU
		{9ABF8B8E-22E1-4FE6-AFD0-63597C03579A}.Release|Any CPU.Build.0 = Release|Any CPU
		{265A7BA5-6D66-4213-9A35-E45BC4EE9BC1}.Debug|Any CPU.ActiveCfg = Debug|Any CPU
		{265A7BA5-6D66-4213-9A35-E45BC4EE9BC1}.Debug|Any CPU.Build.0 = Debug|Any CPU
		{265A7BA5-6D66-4213-9A35-E45BC4EE9BC1}.Release|Any CPU.ActiveCfg = Release|Any CPU
		{265A7BA5-6D66-4213-9A35-E45BC4EE9BC1}.Release|Any CPU.Build.0 = Release|Any CPU
		{4EA1F742-1238-4E65-9029-D2C58D8F069D}.Debug|Any CPU.ActiveCfg = Debug|Any CPU
		{4EA1F742-1238-4E65-9029-D2C58D8F069D}.Debug|Any CPU.Build.0 = Debug|Any CPU
		{4EA1F742-1238-4E65-9029-D2C58D8F069D}.Release|Any CPU.ActiveCfg = Release|Any CPU
		{4EA1F742-1238-4E65-9029-D2C58D8F069D}.Release|Any CPU.Build.0 = Release|Any CPU
		{F2120687-AF1A-4DF4-A1BC-4F1E6B2BA7D5}.Debug|Any CPU.ActiveCfg = Debug|Any CPU
		{F2120687-AF1A-4DF4-A1BC-4F1E6B2BA7D5}.Debug|Any CPU.Build.0 = Debug|Any CPU
		{F2120687-AF1A-4DF4-A1BC-4F1E6B2BA7D5}.Release|Any CPU.ActiveCfg = Release|Any CPU
		{F2120687-AF1A-4DF4-A1BC-4F1E6B2BA7D5}.Release|Any CPU.Build.0 = Release|Any CPU
		{9AD428CE-306A-473F-B0D1-5B8A9979BED0}.Debug|Any CPU.ActiveCfg = Debug|Any CPU
		{9AD428CE-306A-473F-B0D1-5B8A9979BED0}.Debug|Any CPU.Build.0 = Debug|Any CPU
		{9AD428CE-306A-473F-B0D1-5B8A9979BED0}.Release|Any CPU.ActiveCfg = Release|Any CPU
		{9AD428CE-306A-473F-B0D1-5B8A9979BED0}.Release|Any CPU.Build.0 = Release|Any CPU
		{F50FDDF5-3853-46E4-8258-80A5005E79CE}.Debug|Any CPU.ActiveCfg = Debug|Any CPU
		{F50FDDF5-3853-46E4-8258-80A5005E79CE}.Debug|Any CPU.Build.0 = Debug|Any CPU
		{F50FDDF5-3853-46E4-8258-80A5005E79CE}.Release|Any CPU.ActiveCfg = Release|Any CPU
		{F50FDDF5-3853-46E4-8258-80A5005E79CE}.Release|Any CPU.Build.0 = Release|Any CPU
		{8DF67E49-A707-490A-B8BE-DC6768DD657D}.Debug|Any CPU.ActiveCfg = Debug|Any CPU
		{8DF67E49-A707-490A-B8BE-DC6768DD657D}.Debug|Any CPU.Build.0 = Debug|Any CPU
		{8DF67E49-A707-490A-B8BE-DC6768DD657D}.Release|Any CPU.ActiveCfg = Release|Any CPU
		{8DF67E49-A707-490A-B8BE-DC6768DD657D}.Release|Any CPU.Build.0 = Release|Any CPU
		{F3858E29-631A-49BB-9CEA-431F0C4EDA22}.Debug|Any CPU.ActiveCfg = Debug|Any CPU
		{F3858E29-631A-49BB-9CEA-431F0C4EDA22}.Debug|Any CPU.Build.0 = Debug|Any CPU
		{F3858E29-631A-49BB-9CEA-431F0C4EDA22}.Release|Any CPU.ActiveCfg = Release|Any CPU
		{F3858E29-631A-49BB-9CEA-431F0C4EDA22}.Release|Any CPU.Build.0 = Release|Any CPU
		{CED88153-2123-4C5F-B7BB-13007BA00381}.Debug|Any CPU.ActiveCfg = Debug|Any CPU
		{CED88153-2123-4C5F-B7BB-13007BA00381}.Debug|Any CPU.Build.0 = Debug|Any CPU
		{CED88153-2123-4C5F-B7BB-13007BA00381}.Release|Any CPU.ActiveCfg = Release|Any CPU
		{CED88153-2123-4C5F-B7BB-13007BA00381}.Release|Any CPU.Build.0 = Release|Any CPU
		{95C7B928-6A17-4DB5-87A3-2BCC73EF0698}.Debug|Any CPU.ActiveCfg = Debug|Any CPU
		{95C7B928-6A17-4DB5-87A3-2BCC73EF0698}.Debug|Any CPU.Build.0 = Debug|Any CPU
		{95C7B928-6A17-4DB5-87A3-2BCC73EF0698}.Release|Any CPU.ActiveCfg = Release|Any CPU
		{95C7B928-6A17-4DB5-87A3-2BCC73EF0698}.Release|Any CPU.Build.0 = Release|Any CPU
		{3FF98EEA-E396-4109-93F6-780B38C700B2}.Debug|Any CPU.ActiveCfg = Debug|Any CPU
		{3FF98EEA-E396-4109-93F6-780B38C700B2}.Debug|Any CPU.Build.0 = Debug|Any CPU
		{3FF98EEA-E396-4109-93F6-780B38C700B2}.Release|Any CPU.ActiveCfg = Release|Any CPU
		{3FF98EEA-E396-4109-93F6-780B38C700B2}.Release|Any CPU.Build.0 = Release|Any CPU
		{24DBED32-8F8F-4A6A-9B36-A2469814FB4B}.Debug|Any CPU.ActiveCfg = Debug|Any CPU
		{24DBED32-8F8F-4A6A-9B36-A2469814FB4B}.Debug|Any CPU.Build.0 = Debug|Any CPU
		{24DBED32-8F8F-4A6A-9B36-A2469814FB4B}.Release|Any CPU.ActiveCfg = Release|Any CPU
		{24DBED32-8F8F-4A6A-9B36-A2469814FB4B}.Release|Any CPU.Build.0 = Release|Any CPU
		{04A7BE4F-AAF8-4AA6-9D09-9A5C8671BE6E}.Debug|Any CPU.ActiveCfg = Debug|Any CPU
		{04A7BE4F-AAF8-4AA6-9D09-9A5C8671BE6E}.Debug|Any CPU.Build.0 = Debug|Any CPU
		{04A7BE4F-AAF8-4AA6-9D09-9A5C8671BE6E}.Release|Any CPU.ActiveCfg = Release|Any CPU
		{04A7BE4F-AAF8-4AA6-9D09-9A5C8671BE6E}.Release|Any CPU.Build.0 = Release|Any CPU
		{AB282534-1BA2-4F5D-BE64-99CE81A1EFEE}.Debug|Any CPU.ActiveCfg = Debug|Any CPU
		{AB282534-1BA2-4F5D-BE64-99CE81A1EFEE}.Debug|Any CPU.Build.0 = Debug|Any CPU
		{AB282534-1BA2-4F5D-BE64-99CE81A1EFEE}.Release|Any CPU.ActiveCfg = Release|Any CPU
		{AB282534-1BA2-4F5D-BE64-99CE81A1EFEE}.Release|Any CPU.Build.0 = Release|Any CPU
	EndGlobalSection
	GlobalSection(SolutionProperties) = preSolution
		HideSolutionNode = FALSE
	EndGlobalSection
	GlobalSection(NestedProjects) = preSolution
		{5DD1A53D-5CBD-425E-91A9-6FD3968F0317} = {699FB589-FFEA-4DF3-93C4-5E7F847BDE04}
		{0B65571F-6F6E-4C99-8D41-2E8D1D20DCF9} = {0DB4C794-0E6C-4402-8D6C-D1A5CE0895D9}
		{0633CC80-21B6-438E-8F72-210F14BFE04B} = {F2C76458-4924-4852-9B47-108732AFD50D}
		{673C4749-1D75-41B5-9865-50C8C2A23FA5} = {D2E23197-D6DA-487F-985D-086C38E60933}
		{B80E7D77-5FBD-4075-93DB-9357BBE0A088} = {832B170D-08AF-4B89-AD8E-C8AD3374C736}
		{EAB6B668-8A2B-48B6-9691-3212C6C541EC} = {A19C1089-6750-4552-929E-6CEFD9764B00}
		{0FDE1518-D789-48A9-AAF1-22255ECAB801} = {02E5D0CA-448F-4BFA-BE24-08E9820CE819}
		{53F4EEEE-4B76-4A4F-BB73-F8BEC971BAEA} = {C3451B7E-FB50-4B1E-827D-0196D6497A42}
		{E51F7CB9-B233-47B4-9E10-719840F84C06} = {6CEA8AA4-737D-4155-AE10-5A124664E873}
		{2D4FB6C7-15BB-4739-B813-08599548C43F} = {789903D3-BAB8-4348-84F3-D55EF6624756}
		{E8F24F1C-413B-4695-8EDD-B6FBB296635C} = {9E8DA4CA-DF93-41F1-87CC-C592CB377512}
		{E6505E3C-555C-435E-970B-AF7058BA741B} = {29592638-19F6-4311-B741-702DB8C4BA05}
		{85DFA0F8-E136-4BE1-94E5-8D20E0C7DE2A} = {4A8FAA6A-B28C-4102-923D-6BE0C52CB6CD}
		{9ABF8B8E-22E1-4FE6-AFD0-63597C03579A} = {5614C38B-62EB-446E-8B98-2F7E0A120FF6}
		{265A7BA5-6D66-4213-9A35-E45BC4EE9BC1} = {E15E50AB-CED6-489C-8478-6C24C2453297}
		{4EA1F742-1238-4E65-9029-D2C58D8F069D} = {6C463D0C-AFB6-4390-9DDE-D47039894E90}
		{F2120687-AF1A-4DF4-A1BC-4F1E6B2BA7D5} = {D2311DF1-D8F0-4765-ABFC-3EF98A0F3988}
		{9AD428CE-306A-473F-B0D1-5B8A9979BED0} = {F2DEA410-FD1E-4547-9C75-0F5E33A1059B}
		{F50FDDF5-3853-46E4-8258-80A5005E79CE} = {F35E37DD-B7C9-4231-8A87-62A699317797}
		{8DF67E49-A707-490A-B8BE-DC6768DD657D} = {95DE5197-DB4D-44B9-AA98-32BB143A09FD}
		{F3858E29-631A-49BB-9CEA-431F0C4EDA22} = {C4DDF969-CA7C-434F-B63A-E9DF34642AB0}
		{CED88153-2123-4C5F-B7BB-13007BA00381} = {7CF7C93C-14C6-4B93-B3CF-4151D6ACE5E0}
		{95C7B928-6A17-4DB5-87A3-2BCC73EF0698} = {6FD374CE-F052-4D48-8C41-AA84E8DCC2F9}
		{3FF98EEA-E396-4109-93F6-780B38C700B2} = {FCD2C7B3-280D-4F62-94C3-C09F1B59DE57}
		{24DBED32-8F8F-4A6A-9B36-A2469814FB4B} = {9CF2F94B-DE05-42C8-9DDC-4F4B37067755}
		{04A7BE4F-AAF8-4AA6-9D09-9A5C8671BE6E} = {5BEB4174-CC00-4314-ADAD-54C1B105FD57}
		{AB282534-1BA2-4F5D-BE64-99CE81A1EFEE} = {5F141A46-8D7B-4F5E-A291-4F839D683C70}
	EndGlobalSection
	GlobalSection(ExtensibilityGlobals) = postSolution
		SolutionGuid = {A57ECE08-AA6B-4114-A982-056BB76F0735}
	EndGlobalSection
EndGlobal
